
Microsoft Visual Studio Solution File, Format Version 12.00
# Visual Studio Version 16
VisualStudioVersion = 16.0.30907.101
MinimumVisualStudioVersion = 10.0.40219.1
Project("{8BC9CEB8-8B4A-11D0-8D11-00A0C91BC942}") = "PreCooked", "PreCooked.vcxproj", "{C079B4E8-F904-4B98-A5DF-14DC03FCBBA1}"
EndProject
Global
	GlobalSection(SolutionConfigurationPlatforms) = preSolution
		Debug|x64 = Debug|x64
		Debug|x86 = Debug|x86
		DebugASan|x64 = DebugASan|x64
		DebugASan|x86 = DebugASan|x86
		Release|x64 = Release|x64
		Release|x86 = Release|x86
	EndGlobalSection
	GlobalSection(ProjectConfigurationPlatforms) = postSolution
		{C079B4E8-F904-4B98-A5DF-14DC03FCBBA1}.Debug|x64.ActiveCfg = Debug|x64
		{C079B4E8-F904-4B98-A5DF-14DC03FCBBA1}.Debug|x64.Build.0 = Debug|x64
		{C079B4E8-F904-4B98-A5DF-14DC03FCBBA1}.Debug|x86.ActiveCfg = Debug|Win32
		{C079B4E8-F904-4B98-A5DF-14DC03FCBBA1}.Debug|x86.Build.0 = Debug|Win32
		{C079B4E8-F904-4B98-A5DF-14DC03FCBBA1}.DebugASan|x64.ActiveCfg = DebugASan|x64
		{C079B4E8-F904-4B98-A5DF-14DC03FCBBA1}.DebugASan|x64.Build.0 = DebugASan|x64
		{C079B4E8-F904-4B98-A5DF-14DC03FCBBA1}.DebugASan|x86.ActiveCfg = DebugASan|Win32
		{C079B4E8-F904-4B98-A5DF-14DC03FCBBA1}.DebugASan|x86.Build.0 = DebugASan|Win32
		{C079B4E8-F904-4B98-A5DF-14DC03FCBBA1}.Release|x64.ActiveCfg = Release|x64
		{C079B4E8-F904-4B98-A5DF-14DC03FCBBA1}.Release|x64.Build.0 = Release|x64
		{C079B4E8-F904-4B98-A5DF-14DC03FCBBA1}.Release|x86.ActiveCfg = Release|Win32
		{C079B4E8-F904-4B98-A5DF-14DC03FCBBA1}.Release|x86.Build.0 = Release|Win32
	EndGlobalSection
	GlobalSection(SolutionProperties) = preSolution
		HideSolutionNode = FALSE
	EndGlobalSection
	GlobalSection(ExtensibilityGlobals) = postSolution
		SolutionGuid = {1D0D4B49-2620-442E-BFFD-02D9E98D16B4}
	EndGlobalSection
EndGlobal
